
Microsoft Visual Studio Solution File, Format Version 12.00
# Visual Studio Version 17
VisualStudioVersion = 17.3.32929.385
MinimumVisualStudioVersion = 10.0.40219.1
Project("{9A19103F-16F7-4668-BE54-9A1E7A4F7556}") = "SyspotecUtils", "SyspotecUtils\SyspotecUtils.csproj", "{3FAAC863-C683-4CF0-81DF-1FDE6CCB6FFC}"
EndProject
Project("{9A19103F-16F7-4668-BE54-9A1E7A4F7556}") = "SyspotecDomain", "SyspotecDomain\SyspotecDomain.csproj", "{C8D1620A-3C39-4CAF-9E93-78EC25567A27}"
EndProject
Project("{9A19103F-16F7-4668-BE54-9A1E7A4F7556}") = "SyspotecDal", "SyspotecDal\SyspotecDal.csproj", "{C97FD572-9099-48FF-A775-6BACE774A358}"
EndProject
Project("{9A19103F-16F7-4668-BE54-9A1E7A4F7556}") = "SyspotecApplication", "SyspotecApplication\SyspotecApplication.csproj", "{3812D73A-7376-4FEF-A121-F05F0CEC22B6}"
EndProject
Project("{9A19103F-16F7-4668-BE54-9A1E7A4F7556}") = "SyspotecAPI", "SyspotecAPI\SyspotecAPI.csproj", "{B73B0E64-CF90-4241-AF11-7F633EEC558F}"
EndProject
Global
	GlobalSection(SolutionConfigurationPlatforms) = preSolution
		Debug|Any CPU = Debug|Any CPU
		Release|Any CPU = Release|Any CPU
	EndGlobalSection
	GlobalSection(ProjectConfigurationPlatforms) = postSolution
		{3FAAC863-C683-4CF0-81DF-1FDE6CCB6FFC}.Debug|Any CPU.ActiveCfg = Debug|Any CPU
		{3FAAC863-C683-4CF0-81DF-1FDE6CCB6FFC}.Debug|Any CPU.Build.0 = Debug|Any CPU
		{3FAAC863-C683-4CF0-81DF-1FDE6CCB6FFC}.Release|Any CPU.ActiveCfg = Release|Any CPU
		{3FAAC863-C683-4CF0-81DF-1FDE6CCB6FFC}.Release|Any CPU.Build.0 = Release|Any CPU
		{C8D1620A-3C39-4CAF-9E93-78EC25567A27}.Debug|Any CPU.ActiveCfg = Debug|Any CPU
		{C8D1620A-3C39-4CAF-9E93-78EC25567A27}.Debug|Any CPU.Build.0 = Debug|Any CPU
		{C8D1620A-3C39-4CAF-9E93-78EC25567A27}.Release|Any CPU.ActiveCfg = Release|Any CPU
		{C8D1620A-3C39-4CAF-9E93-78EC25567A27}.Release|Any CPU.Build.0 = Release|Any CPU
		{C97FD572-9099-48FF-A775-6BACE774A358}.Debug|Any CPU.ActiveCfg = Debug|Any CPU
		{C97FD572-9099-48FF-A775-6BACE774A358}.Debug|Any CPU.Build.0 = Debug|Any CPU
		{C97FD572-9099-48FF-A775-6BACE774A358}.Release|Any CPU.ActiveCfg = Release|Any CPU
		{C97FD572-9099-48FF-A775-6BACE774A358}.Release|Any CPU.Build.0 = Release|Any CPU
		{3812D73A-7376-4FEF-A121-F05F0CEC22B6}.Debug|Any CPU.ActiveCfg = Debug|Any CPU
		{3812D73A-7376-4FEF-A121-F05F0CEC22B6}.Debug|Any CPU.Build.0 = Debug|Any CPU
		{3812D73A-7376-4FEF-A121-F05F0CEC22B6}.Release|Any CPU.ActiveCfg = Release|Any CPU
		{3812D73A-7376-4FEF-A121-F05F0CEC22B6}.Release|Any CPU.Build.0 = Release|Any CPU
		{B73B0E64-CF90-4241-AF11-7F633EEC558F}.Debug|Any CPU.ActiveCfg = Debug|Any CPU
		{B73B0E64-CF90-4241-AF11-7F633EEC558F}.Debug|Any CPU.Build.0 = Debug|Any CPU
		{B73B0E64-CF90-4241-AF11-7F633EEC558F}.Release|Any CPU.ActiveCfg = Release|Any CPU
		{B73B0E64-CF90-4241-AF11-7F633EEC558F}.Release|Any CPU.Build.0 = Release|Any CPU
	EndGlobalSection
	GlobalSection(SolutionProperties) = preSolution
		HideSolutionNode = FALSE
	EndGlobalSection
	GlobalSection(ExtensibilityGlobals) = postSolution
		SolutionGuid = {22FBF19D-A9AC-4F7F-AE86-E184FB829506}
	EndGlobalSection
EndGlobal
